
Microsoft Visual Studio Solution File, Format Version 12.00
# Visual Studio Version 16
VisualStudioVersion = 16.0.32428.217
MinimumVisualStudioVersion = 10.0.40219.1
Project("{FAE04EC0-301F-11D3-BF4B-00C04F79EFBC}") = "TelephoneDictWind", "TelephoneDictWind.csproj", "{F90D0E47-5FC7-4C52-B39D-BC05E465515F}"
EndProject
Global
	GlobalSection(SolutionConfigurationPlatforms) = preSolution
		Debug|Any CPU = Debug|Any CPU
		Release|Any CPU = Release|Any CPU
	EndGlobalSection
	GlobalSection(ProjectConfigurationPlatforms) = postSolution
		{F90D0E47-5FC7-4C52-B39D-BC05E465515F}.Debug|Any CPU.ActiveCfg = Debug|Any CPU
		{F90D0E47-5FC7-4C52-B39D-BC05E465515F}.Debug|Any CPU.Build.0 = Debug|Any CPU
		{F90D0E47-5FC7-4C52-B39D-BC05E465515F}.Release|Any CPU.ActiveCfg = Release|Any CPU
		{F90D0E47-5FC7-4C52-B39D-BC05E465515F}.Release|Any CPU.Build.0 = Release|Any CPU
	EndGlobalSection
	GlobalSection(SolutionProperties) = preSolution
		HideSolutionNode = FALSE
	EndGlobalSection
	GlobalSection(ExtensibilityGlobals) = postSolution
		SolutionGuid = {CFB1832D-A7D0-4BEE-997D-6458F8B5281C}
	EndGlobalSection
EndGlobal
